# This file is generated by running "yarn install" inside your project.
# Manual changes might be lost - proceed with caution!

__metadata:
  version: 8
  cacheKey: 10

"@types/http-proxy@npm:^1.17.8":
  version: 1.17.14
  resolution: "@types/http-proxy@npm:1.17.14"
  dependencies:
    "@types/node": "npm:*"
  checksum: aa1a3e66cd43cbf06ea5901bf761d2031200a0ab42ba7e462a15c752e70f8669f21fb3be7c2f18fefcb83b95132dfa15740282e7421b856745598fbaea8e3a42
  languageName: node
  linkType: hard

"@types/node@npm:*":
  version: 20.8.7
  resolution: "@types/node@npm:20.8.7"
  dependencies:
    undici-types: "npm:~5.25.1"
  checksum: a347ac7e6a9748ffff018ca01142ba625e774cb0b53785abb58b16a5a8468cc9b7656686dbe4c39c2f3fc477439994ee8aeae9b80ced86f320598bafaf83f802
  languageName: node
  linkType: hard

"accepts@npm:~1.3.8":
  version: 1.3.8
  resolution: "accepts@npm:1.3.8"
  dependencies:
    mime-types: "npm:~2.1.34"
    negotiator: "npm:0.6.3"
  checksum: 67eaaa90e2917c58418e7a9b89392002d2b1ccd69bcca4799135d0c632f3b082f23f4ae4ddeedbced5aa59bcc7bdf4699c69ebed4593696c922462b7bc5744d6
  languageName: node
  linkType: hard

"ajv@npm:^6.12.3":
  version: 6.12.6
  resolution: "ajv@npm:6.12.6"
  dependencies:
    fast-deep-equal: "npm:^3.1.1"
    fast-json-stable-stringify: "npm:^2.0.0"
    json-schema-traverse: "npm:^0.4.1"
    uri-js: "npm:^4.2.2"
  checksum: 48d6ad21138d12eb4d16d878d630079a2bda25a04e745c07846a4ad768319533031e28872a9b3c5790fa1ec41aabdf2abed30a56e5a03ebc2cf92184b8ee306c
  languageName: node
  linkType: hard

"array-flatten@npm:1.1.1":
  version: 1.1.1
  resolution: "array-flatten@npm:1.1.1"
  checksum: e13c9d247241be82f8b4ec71d035ed7204baa82fae820d4db6948d30d3c4a9f2b3905eb2eec2b937d4aa3565200bd3a1c500480114cff649fa748747d2a50feb
  languageName: node
  linkType: hard

"asn1@npm:~0.2.3":
  version: 0.2.6
  resolution: "asn1@npm:0.2.6"
  dependencies:
    safer-buffer: "npm:~2.1.0"
  checksum: cf629291fee6c1a6f530549939433ebf32200d7849f38b810ff26ee74235e845c0c12b2ed0f1607ac17383d19b219b69cefa009b920dab57924c5c544e495078
  languageName: node
  linkType: hard

"assert-plus@npm:1.0.0, assert-plus@npm:^1.0.0":
  version: 1.0.0
  resolution: "assert-plus@npm:1.0.0"
  checksum: f4f991ae2df849cc678b1afba52d512a7cbf0d09613ba111e72255409ff9158550c775162a47b12d015d1b82b3c273e8e25df0e4783d3ddb008a293486d00a07
  languageName: node
  linkType: hard

"asynckit@npm:^0.4.0":
  version: 0.4.0
  resolution: "asynckit@npm:0.4.0"
  checksum: 3ce727cbc78f69d6a4722517a58ee926c8c21083633b1d3fdf66fd688f6c127a53a592141bd4866f9b63240a86e9d8e974b13919450bd17fa33c2d22c4558ad8
  languageName: node
  linkType: hard

"aws-sign2@npm:~0.7.0":
  version: 0.7.0
  resolution: "aws-sign2@npm:0.7.0"
  checksum: 2ac497d739f71be3264cf096a33ab256a1fea7fe80b87dc51ec29374505bd5a661279ef1c22989d68528ea61ed634021ca63b31cf1d3c2a3682ffc106f7d0e96
  languageName: node
  linkType: hard

"aws4@npm:^1.8.0":
  version: 1.12.0
  resolution: "aws4@npm:1.12.0"
  checksum: 2b8455fe1eee87f0e7d5f32e81e7fec74dce060c72d03f528c8c631fa74209cef53aab6fede182ea17d0c9520cb1e5e3023c5fedb4f1139ae9f067fc720869a5
  languageName: node
  linkType: hard

"bcrypt-pbkdf@npm:^1.0.0":
  version: 1.0.2
  resolution: "bcrypt-pbkdf@npm:1.0.2"
  dependencies:
    tweetnacl: "npm:^0.14.3"
  checksum: 13a4cde058250dbf1fa77a4f1b9a07d32ae2e3b9e28e88a0c7a1827835bc3482f3e478c4a0cfd4da6ff0c46dae07da1061123a995372b32cc563d9975f975404
  languageName: node
  linkType: hard

"body-parser@npm:1.20.2":
  version: 1.20.2
  resolution: "body-parser@npm:1.20.2"
  dependencies:
    bytes: "npm:3.1.2"
    content-type: "npm:~1.0.5"
    debug: "npm:2.6.9"
    depd: "npm:2.0.0"
    destroy: "npm:1.2.0"
    http-errors: "npm:2.0.0"
    iconv-lite: "npm:0.4.24"
    on-finished: "npm:2.4.1"
    qs: "npm:6.11.0"
    raw-body: "npm:2.5.2"
    type-is: "npm:~1.6.18"
    unpipe: "npm:1.0.0"
  checksum: 3cf171b82190cf91495c262b073e425fc0d9e25cc2bf4540d43f7e7bbca27d6a9eae65ca367b6ef3993eea261159d9d2ab37ce444e8979323952e12eb3df319a
  languageName: node
  linkType: hard

"braces@npm:^3.0.1":
  version: 3.0.2
  resolution: "braces@npm:3.0.2"
  dependencies:
    fill-range: "npm:^7.0.1"
  checksum: 966b1fb48d193b9d155f810e5efd1790962f2c4e0829f8440b8ad236ba009222c501f70185ef732fef17a4c490bb33a03b90dab0631feafbdf447da91e8165b1
  languageName: node
  linkType: hard

"bytes@npm:3.1.2":
  version: 3.1.2
  resolution: "bytes@npm:3.1.2"
  checksum: a10abf2ba70c784471d6b4f58778c0beeb2b5d405148e66affa91f23a9f13d07603d0a0354667310ae1d6dc141474ffd44e2a074be0f6e2254edb8fc21445388
  languageName: node
  linkType: hard

"call-bind@npm:^1.0.0":
  version: 1.0.2
  resolution: "call-bind@npm:1.0.2"
  dependencies:
    function-bind: "npm:^1.1.1"
    get-intrinsic: "npm:^1.0.2"
  checksum: ca787179c1cbe09e1697b56ad499fd05dc0ae6febe5081d728176ade699ea6b1589240cb1ff1fe11fcf9f61538c1af60ad37e8eb2ceb4ef21cd6085dfd3ccedd
  languageName: node
  linkType: hard

"caseless@npm:~0.12.0":
  version: 0.12.0
  resolution: "caseless@npm:0.12.0"
  checksum: ea1efdf430975fdbac3505cdd21007f7ac5aa29b6d4d1c091f965853cd1bf87e4b08ea07b31a6d688b038872b7cdf0589d9262d59c699d199585daad052aeb20
  languageName: node
  linkType: hard

"combined-stream@npm:^1.0.6, combined-stream@npm:~1.0.6":
  version: 1.0.8
  resolution: "combined-stream@npm:1.0.8"
  dependencies:
    delayed-stream: "npm:~1.0.0"
  checksum: 2e969e637d05d09fa50b02d74c83a1186f6914aae89e6653b62595cc75a221464f884f55f231b8f4df7a49537fba60bdc0427acd2bf324c09a1dbb84837e36e4
  languageName: node
  linkType: hard

"content-disposition@npm:0.5.4":
  version: 0.5.4
  resolution: "content-disposition@npm:0.5.4"
  dependencies:
    safe-buffer: "npm:5.2.1"
  checksum: b7f4ce176e324f19324be69b05bf6f6e411160ac94bc523b782248129eb1ef3be006f6cff431aaea5e337fe5d176ce8830b8c2a1b721626ead8933f0cbe78720
  languageName: node
  linkType: hard

"content-type@npm:~1.0.4, content-type@npm:~1.0.5":
  version: 1.0.5
  resolution: "content-type@npm:1.0.5"
  checksum: 585847d98dc7fb8035c02ae2cb76c7a9bd7b25f84c447e5ed55c45c2175e83617c8813871b4ee22f368126af6b2b167df655829007b21aa10302873ea9c62662
  languageName: node
  linkType: hard

"cookie-signature@npm:1.0.6":
  version: 1.0.6
  resolution: "cookie-signature@npm:1.0.6"
  checksum: f4e1b0a98a27a0e6e66fd7ea4e4e9d8e038f624058371bf4499cfcd8f3980be9a121486995202ba3fca74fbed93a407d6d54d43a43f96fd28d0bd7a06761591a
  languageName: node
  linkType: hard

"cookie@npm:0.5.0":
  version: 0.5.0
  resolution: "cookie@npm:0.5.0"
  checksum: aae7911ddc5f444a9025fbd979ad1b5d60191011339bce48e555cb83343d0f98b865ff5c4d71fecdfb8555a5cafdc65632f6fce172f32aaf6936830a883a0380
  languageName: node
  linkType: hard

"core-util-is@npm:1.0.2":
  version: 1.0.2
  resolution: "core-util-is@npm:1.0.2"
  checksum: d0f7587346b44a1fe6c269267e037dd34b4787191e473c3e685f507229d88561c40eb18872fabfff02977301815d474300b7bfbd15396c13c5377393f7e87ec3
  languageName: node
  linkType: hard

"dashdash@npm:^1.12.0":
  version: 1.14.1
  resolution: "dashdash@npm:1.14.1"
  dependencies:
    assert-plus: "npm:^1.0.0"
  checksum: 137b287fa021201ce100cef772c8eeeaaafdd2aa7282864022acf3b873021e54cb809e9c060fa164840bf54ff72d00d6e2d8da1ee5a86d7200eeefa1123a8f7f
  languageName: node
  linkType: hard

"debug@npm:2.6.9":
  version: 2.6.9
  resolution: "debug@npm:2.6.9"
  dependencies:
    ms: "npm:2.0.0"
  checksum: e07005f2b40e04f1bd14a3dd20520e9c4f25f60224cb006ce9d6781732c917964e9ec029fc7f1a151083cd929025ad5133814d4dc624a9aaf020effe4914ed14
  languageName: node
  linkType: hard

"delayed-stream@npm:~1.0.0":
  version: 1.0.0
  resolution: "delayed-stream@npm:1.0.0"
  checksum: 46fe6e83e2cb1d85ba50bd52803c68be9bd953282fa7096f51fc29edd5d67ff84ff753c51966061e5ba7cb5e47ef6d36a91924eddb7f3f3483b1c560f77a0020
  languageName: node
  linkType: hard

"depd@npm:2.0.0":
  version: 2.0.0
  resolution: "depd@npm:2.0.0"
  checksum: c0c8ff36079ce5ada64f46cc9d6fd47ebcf38241105b6e0c98f412e8ad91f084bcf906ff644cc3a4bd876ca27a62accb8b0fff72ea6ed1a414b89d8506f4a5ca
  languageName: node
  linkType: hard

"destroy@npm:1.2.0":
  version: 1.2.0
  resolution: "destroy@npm:1.2.0"
  checksum: 0acb300b7478a08b92d810ab229d5afe0d2f4399272045ab22affa0d99dbaf12637659411530a6fcd597a9bdac718fc94373a61a95b4651bbc7b83684a565e38
  languageName: node
  linkType: hard

"ecc-jsbn@npm:~0.1.1":
  version: 0.1.2
  resolution: "ecc-jsbn@npm:0.1.2"
  dependencies:
    jsbn: "npm:~0.1.0"
    safer-buffer: "npm:^2.1.0"
  checksum: d43591f2396196266e186e6d6928038cc11c76c3699a912cb9c13757060f7bbc7f17f47c4cb16168cdeacffc7965aef021142577e646fb3cb88810c15173eb57
  languageName: node
  linkType: hard

"ee-first@npm:1.1.1":
  version: 1.1.1
  resolution: "ee-first@npm:1.1.1"
  checksum: 1b4cac778d64ce3b582a7e26b218afe07e207a0f9bfe13cc7395a6d307849cfe361e65033c3251e00c27dd060cab43014c2d6b2647676135e18b77d2d05b3f4f
  languageName: node
  linkType: hard

"encodeurl@npm:~1.0.2":
  version: 1.0.2
  resolution: "encodeurl@npm:1.0.2"
  checksum: e50e3d508cdd9c4565ba72d2012e65038e5d71bdc9198cb125beb6237b5b1ade6c0d343998da9e170fb2eae52c1bed37d4d6d98a46ea423a0cddbed5ac3f780c
  languageName: node
  linkType: hard

"escape-html@npm:~1.0.3":
  version: 1.0.3
  resolution: "escape-html@npm:1.0.3"
  checksum: 6213ca9ae00d0ab8bccb6d8d4e0a98e76237b2410302cf7df70aaa6591d509a2a37ce8998008cbecae8fc8ffaadf3fb0229535e6a145f3ce0b211d060decbb24
  languageName: node
  linkType: hard

"etag@npm:~1.8.1":
  version: 1.8.1
  resolution: "etag@npm:1.8.1"
  checksum: 571aeb3dbe0f2bbd4e4fadbdb44f325fc75335cd5f6f6b6a091e6a06a9f25ed5392f0863c5442acb0646787446e816f13cbfc6edce5b07658541dff573cab1ff
  languageName: node
  linkType: hard

"eventemitter3@npm:^4.0.0":
  version: 4.0.7
  resolution: "eventemitter3@npm:4.0.7"
  checksum: 8030029382404942c01d0037079f1b1bc8fed524b5849c237b80549b01e2fc49709e1d0c557fa65ca4498fc9e24cff1475ef7b855121fcc15f9d61f93e282346
  languageName: node
  linkType: hard

"express-hello@workspace:.":
  version: 0.0.0-use.local
  resolution: "express-hello@workspace:."
  dependencies:
    express: "npm:^4.18.2"
    http-proxy-middleware: "npm:^2.0.6"
    request: "npm:^2.88.2"
  languageName: unknown
  linkType: soft

"express@npm:^4.18.2":
  version: 4.18.3
  resolution: "express@npm:4.18.3"
  dependencies:
    accepts: "npm:~1.3.8"
    array-flatten: "npm:1.1.1"
    body-parser: "npm:1.20.2"
    content-disposition: "npm:0.5.4"
    content-type: "npm:~1.0.4"
    cookie: "npm:0.5.0"
    cookie-signature: "npm:1.0.6"
    debug: "npm:2.6.9"
    depd: "npm:2.0.0"
    encodeurl: "npm:~1.0.2"
    escape-html: "npm:~1.0.3"
    etag: "npm:~1.8.1"
    finalhandler: "npm:1.2.0"
    fresh: "npm:0.5.2"
    http-errors: "npm:2.0.0"
    merge-descriptors: "npm:1.0.1"
    methods: "npm:~1.1.2"
    on-finished: "npm:2.4.1"
    parseurl: "npm:~1.3.3"
    path-to-regexp: "npm:0.1.7"
    proxy-addr: "npm:~2.0.7"
    qs: "npm:6.11.0"
    range-parser: "npm:~1.2.1"
    safe-buffer: "npm:5.2.1"
    send: "npm:0.18.0"
    serve-static: "npm:1.15.0"
    setprototypeof: "npm:1.2.0"
    statuses: "npm:2.0.1"
    type-is: "npm:~1.6.18"
    utils-merge: "npm:1.0.1"
    vary: "npm:~1.1.2"
  checksum: 0bf4656d0020cdc477aec884c6245dceea78992f6c747c899c87dbb0598474658d4130a29c80f02c99d1f0d6ebef706e7131c70c5454c3e07aba761c5bd3d627
  languageName: node
  linkType: hard

"extend@npm:~3.0.2":
  version: 3.0.2
  resolution: "extend@npm:3.0.2"
  checksum: 59e89e2dc798ec0f54b36d82f32a27d5f6472c53974f61ca098db5d4648430b725387b53449a34df38fd0392045434426b012f302b3cc049a6500ccf82877e4e
  languageName: node
  linkType: hard

"extsprintf@npm:1.3.0":
  version: 1.3.0
  resolution: "extsprintf@npm:1.3.0"
  checksum: 26967d6c7ecbfb5bc5b7a6c43503dc5fafd9454802037e9fa1665e41f615da4ff5918bd6cb871a3beabed01a31eca1ccd0bdfb41231f50ad50d405a430f78377
  languageName: node
  linkType: hard

"extsprintf@npm:^1.2.0":
  version: 1.4.1
  resolution: "extsprintf@npm:1.4.1"
  checksum: bfd6d55f3c0c04d826fe0213264b383c03f32825af6b1ff777f3f2dc49467e599361993568d75b7b19a8ea1bb08c8e7cd8c3d87d179ced91bb0dcf81ca6938e0
  languageName: node
  linkType: hard

"fast-deep-equal@npm:^3.1.1":
  version: 3.1.3
  resolution: "fast-deep-equal@npm:3.1.3"
  checksum: e21a9d8d84f53493b6aa15efc9cfd53dd5b714a1f23f67fb5dc8f574af80df889b3bce25dc081887c6d25457cce704e636395333abad896ccdec03abaf1f3f9d
  languageName: node
  linkType: hard

"fast-json-stable-stringify@npm:^2.0.0":
  version: 2.1.0
  resolution: "fast-json-stable-stringify@npm:2.1.0"
  checksum: 2c20055c1fa43c922428f16ca8bb29f2807de63e5c851f665f7ac9790176c01c3b40335257736b299764a8d383388dabc73c8083b8e1bc3d99f0a941444ec60e
  languageName: node
  linkType: hard

"fill-range@npm:^7.0.1":
  version: 7.0.1
  resolution: "fill-range@npm:7.0.1"
  dependencies:
    to-regex-range: "npm:^5.0.1"
  checksum: e260f7592fd196b4421504d3597cc76f4a1ca7a9488260d533b611fc3cefd61e9a9be1417cb82d3b01ad9f9c0ff2dbf258e1026d2445e26b0cf5148ff4250429
  languageName: node
  linkType: hard

"finalhandler@npm:1.2.0":
  version: 1.2.0
  resolution: "finalhandler@npm:1.2.0"
  dependencies:
    debug: "npm:2.6.9"
    encodeurl: "npm:~1.0.2"
    escape-html: "npm:~1.0.3"
    on-finished: "npm:2.4.1"
    parseurl: "npm:~1.3.3"
    statuses: "npm:2.0.1"
    unpipe: "npm:~1.0.0"
  checksum: 635718cb203c6d18e6b48dfbb6c54ccb08ea470e4f474ddcef38c47edcf3227feec316f886dd701235997d8af35240cae49856721ce18f539ad038665ebbf163
  languageName: node
  linkType: hard

"follow-redirects@npm:^1.0.0":
  version: 1.15.5
  resolution: "follow-redirects@npm:1.15.5"
  peerDependenciesMeta:
    debug:
      optional: true
  checksum: d467f13c1c6aa734599b8b369cd7a625b20081af358f6204ff515f6f4116eb440de9c4e0c49f10798eeb0df26c95dd05d5e0d9ddc5786ab1a8a8abefe92929b4
  languageName: node
  linkType: hard

"forever-agent@npm:~0.6.1":
  version: 0.6.1
  resolution: "forever-agent@npm:0.6.1"
  checksum: c1e1644d5e074ac063ecbc3fb8582013ef91fff0e3fa41e76db23d2f62bc6d9677aac86db950917deed4fe1fdd772df780cfaa352075f23deec9c015313afb97
  languageName: node
  linkType: hard

"form-data@npm:~2.3.2":
  version: 2.3.3
  resolution: "form-data@npm:2.3.3"
  dependencies:
    asynckit: "npm:^0.4.0"
    combined-stream: "npm:^1.0.6"
    mime-types: "npm:^2.1.12"
  checksum: 1b6f3ccbf4540e535887b42218a2431a3f6cfdea320119c2affa2a7a374ad8fdd1e60166fc865181f45d49b1684c3e90e7b2190d3fe016692957afb9cf0d0d02
  languageName: node
  linkType: hard

"forwarded@npm:0.2.0":
  version: 0.2.0
  resolution: "forwarded@npm:0.2.0"
  checksum: 29ba9fd347117144e97cbb8852baae5e8b2acb7d1b591ef85695ed96f5b933b1804a7fac4a15dd09ca7ac7d0cdc104410e8102aae2dd3faa570a797ba07adb81
  languageName: node
  linkType: hard

"fresh@npm:0.5.2":
  version: 0.5.2
  resolution: "fresh@npm:0.5.2"
  checksum: 64c88e489b5d08e2f29664eb3c79c705ff9a8eb15d3e597198ef76546d4ade295897a44abb0abd2700e7ef784b2e3cbf1161e4fbf16f59129193fd1030d16da1
  languageName: node
  linkType: hard

"function-bind@npm:^1.1.1":
  version: 1.1.1
  resolution: "function-bind@npm:1.1.1"
  checksum: d83f2968030678f0b8c3f2183d63dcd969344eb8b55b4eb826a94ccac6de8b87c95bebffda37a6386c74f152284eb02956ff2c496897f35d32bdc2628ac68ac5
  languageName: node
  linkType: hard

"get-intrinsic@npm:^1.0.2":
  version: 1.1.1
  resolution: "get-intrinsic@npm:1.1.1"
  dependencies:
    function-bind: "npm:^1.1.1"
    has: "npm:^1.0.3"
    has-symbols: "npm:^1.0.1"
  checksum: 7143f5407b000473f4b62717a79628dc151aa622eadac682da0ea3d377fc45839b3ea203d0956d72f6cc8c1f6ae0dcd47fb4bd970647ba5234f9e11679f86cb5
  languageName: node
  linkType: hard

"getpass@npm:^0.1.1":
  version: 0.1.7
  resolution: "getpass@npm:0.1.7"
  dependencies:
    assert-plus: "npm:^1.0.0"
  checksum: ab18d55661db264e3eac6012c2d3daeafaab7a501c035ae0ccb193c3c23e9849c6e29b6ac762b9c2adae460266f925d55a3a2a3a3c8b94be2f222df94d70c046
  languageName: node
  linkType: hard

"har-schema@npm:^2.0.0":
  version: 2.0.0
  resolution: "har-schema@npm:2.0.0"
  checksum: d8946348f333fb09e2bf24cc4c67eabb47c8e1d1aa1c14184c7ffec1140a49ec8aa78aa93677ae452d71d5fc0fdeec20f0c8c1237291fc2bcb3f502a5d204f9b
  languageName: node
  linkType: hard

"har-validator@npm:~5.1.3":
  version: 5.1.5
  resolution: "har-validator@npm:5.1.5"
  dependencies:
    ajv: "npm:^6.12.3"
    har-schema: "npm:^2.0.0"
  checksum: b998a7269ca560d7f219eedc53e2c664cd87d487e428ae854a6af4573fc94f182fe9d2e3b92ab968249baec7ebaf9ead69cf975c931dc2ab282ec182ee988280
  languageName: node
  linkType: hard

"has-symbols@npm:^1.0.1":
  version: 1.0.2
  resolution: "has-symbols@npm:1.0.2"
  checksum: 3d8b4f3c7d9e1535a1ba969035234e20d127519447ce6252be615fae55201119ef557f629328699385ca3e992f1d480e19fe2a850088bd98044d0d9f10199b70
  languageName: node
  linkType: hard

"has@npm:^1.0.3":
  version: 1.0.3
  resolution: "has@npm:1.0.3"
  dependencies:
    function-bind: "npm:^1.1.1"
  checksum: a449f3185b1d165026e8d25f6a8c3390bd25c201ff4b8c1aaf948fc6a5fcfd6507310b8c00c13a3325795ea9791fcc3d79d61eafa313b5750438fc19183df57b
  languageName: node
  linkType: hard

"http-errors@npm:2.0.0":
  version: 2.0.0
  resolution: "http-errors@npm:2.0.0"
  dependencies:
    depd: "npm:2.0.0"
    inherits: "npm:2.0.4"
    setprototypeof: "npm:1.2.0"
    statuses: "npm:2.0.1"
    toidentifier: "npm:1.0.1"
  checksum: 0e7f76ee8ff8a33e58a3281a469815b893c41357378f408be8f6d4aa7d1efafb0da064625518e7078381b6a92325949b119dc38fcb30bdbc4e3a35f78c44c439
  languageName: node
  linkType: hard

"http-proxy-middleware@npm:^2.0.6":
  version: 2.0.6
  resolution: "http-proxy-middleware@npm:2.0.6"
  dependencies:
    "@types/http-proxy": "npm:^1.17.8"
    http-proxy: "npm:^1.18.1"
    is-glob: "npm:^4.0.1"
    is-plain-obj: "npm:^3.0.0"
    micromatch: "npm:^4.0.2"
  peerDependencies:
    "@types/express": ^4.17.13
  peerDependenciesMeta:
    "@types/express":
      optional: true
  checksum: 768e7ae5a422bbf4b866b64105b4c2d1f468916b7b0e9c96750551c7732383069b411aa7753eb7b34eab113e4f77fb770122cb7fb9c8ec87d138d5ddaafda891
  languageName: node
  linkType: hard

"http-proxy@npm:^1.18.1":
  version: 1.18.1
  resolution: "http-proxy@npm:1.18.1"
  dependencies:
    eventemitter3: "npm:^4.0.0"
    follow-redirects: "npm:^1.0.0"
    requires-port: "npm:^1.0.0"
  checksum: 2489e98aba70adbfd8b9d41ed1ff43528be4598c88616c558b109a09eaffe4bb35e551b6c75ac42ed7d948bb7530a22a2be6ef4f0cecacb5927be139f4274594
  languageName: node
  linkType: hard

"http-signature@npm:~1.2.0":
  version: 1.2.0
  resolution: "http-signature@npm:1.2.0"
  dependencies:
    assert-plus: "npm:^1.0.0"
    jsprim: "npm:^1.2.2"
    sshpk: "npm:^1.7.0"
  checksum: 2ff7112e6b0d8f08b382dfe705078c655501f2ddd76cf589d108445a9dd388a0a9be928c37108261519a7f53e6bbd1651048d74057b804807cce1ec49e87a95b
  languageName: node
  linkType: hard

"iconv-lite@npm:0.4.24":
  version: 0.4.24
  resolution: "iconv-lite@npm:0.4.24"
  dependencies:
    safer-buffer: "npm:>= 2.1.2 < 3"
  checksum: 6d3a2dac6e5d1fb126d25645c25c3a1209f70cceecc68b8ef51ae0da3cdc078c151fade7524a30b12a3094926336831fca09c666ef55b37e2c69638b5d6bd2e3
  languageName: node
  linkType: hard

"inherits@npm:2.0.4":
  version: 2.0.4
  resolution: "inherits@npm:2.0.4"
  checksum: cd45e923bee15186c07fa4c89db0aace24824c482fb887b528304694b2aa6ff8a898da8657046a5dcf3e46cd6db6c61629551f9215f208d7c3f157cf9b290521
  languageName: node
  linkType: hard

"ipaddr.js@npm:1.9.1":
  version: 1.9.1
  resolution: "ipaddr.js@npm:1.9.1"
  checksum: 864d0cced0c0832700e9621913a6429ccdc67f37c1bd78fb8c6789fff35c9d167cb329134acad2290497a53336813ab4798d2794fd675d5eb33b5fdf0982b9ca
  languageName: node
  linkType: hard

"is-extglob@npm:^2.1.1":
  version: 2.1.1
  resolution: "is-extglob@npm:2.1.1"
  checksum: df033653d06d0eb567461e58a7a8c9f940bd8c22274b94bf7671ab36df5719791aae15eef6d83bbb5e23283967f2f984b8914559d4449efda578c775c4be6f85
  languageName: node
  linkType: hard

"is-glob@npm:^4.0.1":
  version: 4.0.1
  resolution: "is-glob@npm:4.0.1"
  dependencies:
    is-extglob: "npm:^2.1.1"
  checksum: 998cdc412db39a9ad10b5484bbbe43f8dfb6eb0467380c49d53a5105108ac2e590cca3c3ac0ff5e0dcc9c3342c5c235e77fd699576bcd16384eb5a62d4dd086a
  languageName: node
  linkType: hard

"is-number@npm:^7.0.0":
  version: 7.0.0
  resolution: "is-number@npm:7.0.0"
  checksum: 6a6c3383f68afa1e05b286af866017c78f1226d43ac8cb064e115ff9ed85eb33f5c4f7216c96a71e4dfea289ef52c5da3aef5bbfade8ffe47a0465d70c0c8e86
  languageName: node
  linkType: hard

"is-plain-obj@npm:^3.0.0":
  version: 3.0.0
  resolution: "is-plain-obj@npm:3.0.0"
  checksum: a6ebdf8e12ab73f33530641972a72a4b8aed6df04f762070d823808303e4f76d87d5ea5bd76f96a7bbe83d93f04ac7764429c29413bd9049853a69cb630fb21c
  languageName: node
  linkType: hard

"is-typedarray@npm:~1.0.0":
  version: 1.0.0
  resolution: "is-typedarray@npm:1.0.0"
  checksum: 4b433bfb0f9026f079f4eb3fbaa4ed2de17c9995c3a0b5c800bec40799b4b2a8b4e051b1ada77749deb9ded4ae52fe2096973f3a93ff83df1a5a7184a669478c
  languageName: node
  linkType: hard

"isstream@npm:~0.1.2":
  version: 0.1.2
  resolution: "isstream@npm:0.1.2"
  checksum: 22d9c181015226d4534a227539256897bbbcb7edd1066ca4fc4d3a06dbd976325dfdd16b3983c7d236a89f256805c1a685a772e0364e98873d3819b064ad35a1
  languageName: node
  linkType: hard

"jsbn@npm:~0.1.0":
  version: 0.1.1
  resolution: "jsbn@npm:0.1.1"
  checksum: 5450133242845100e694f0ef9175f44c012691a9b770b2571e677314e6f70600abb10777cdfc9a0c6a9f2ac6d134577403633de73e2fcd0f97875a67744e2d14
  languageName: node
  linkType: hard

"json-schema-traverse@npm:^0.4.1":
  version: 0.4.1
  resolution: "json-schema-traverse@npm:0.4.1"
  checksum: 7486074d3ba247769fda17d5181b345c9fb7d12e0da98b22d1d71a5db9698d8b4bd900a3ec1a4ffdd60846fc2556274a5c894d0c48795f14cb03aeae7b55260b
  languageName: node
  linkType: hard

"json-schema@npm:0.4.0":
  version: 0.4.0
  resolution: "json-schema@npm:0.4.0"
  checksum: 8b3b64eff4a807dc2a3045b104ed1b9335cd8d57aa74c58718f07f0f48b8baa3293b00af4dcfbdc9144c3aafea1e97982cc27cc8e150fc5d93c540649507a458
  languageName: node
  linkType: hard

"json-stringify-safe@npm:~5.0.1":
  version: 5.0.1
  resolution: "json-stringify-safe@npm:5.0.1"
  checksum: 59169a081e4eeb6f9559ae1f938f656191c000e0512aa6df9f3c8b2437a4ab1823819c6b9fd1818a4e39593ccfd72e9a051fdd3e2d1e340ed913679e888ded8c
  languageName: node
  linkType: hard

"jsprim@npm:^1.2.2":
  version: 1.4.2
  resolution: "jsprim@npm:1.4.2"
  dependencies:
    assert-plus: "npm:1.0.0"
    extsprintf: "npm:1.3.0"
    json-schema: "npm:0.4.0"
    verror: "npm:1.10.0"
  checksum: df2bf234eab1b5078d01bcbff3553d50a243f7b5c10a169745efeda6344d62798bd1d85bcca6a8446f3b5d0495e989db45f9de8dae219f0f9796e70e0c776089
  languageName: node
  linkType: hard

"media-typer@npm:0.3.0":
  version: 0.3.0
  resolution: "media-typer@npm:0.3.0"
  checksum: 38e0984db39139604756903a01397e29e17dcb04207bb3e081412ce725ab17338ecc47220c1b186b6bbe79a658aad1b0d41142884f5a481f36290cdefbe6aa46
  languageName: node
  linkType: hard

"merge-descriptors@npm:1.0.1":
  version: 1.0.1
  resolution: "merge-descriptors@npm:1.0.1"
  checksum: 5abc259d2ae25bb06d19ce2b94a21632583c74e2a9109ee1ba7fd147aa7362b380d971e0251069f8b3eb7d48c21ac839e21fa177b335e82c76ec172e30c31a26
  languageName: node
  linkType: hard

"methods@npm:~1.1.2":
  version: 1.1.2
  resolution: "methods@npm:1.1.2"
  checksum: a385dd974faa34b5dd021b2bbf78c722881bf6f003bfe6d391d7da3ea1ed625d1ff10ddd13c57531f628b3e785be38d3eed10ad03cebd90b76932413df9a1820
  languageName: node
  linkType: hard

"micromatch@npm:^4.0.2":
  version: 4.0.4
  resolution: "micromatch@npm:4.0.4"
  dependencies:
    braces: "npm:^3.0.1"
    picomatch: "npm:^2.2.3"
  checksum: c499da5aad38f3ba1a32a73a81f3dd9b631e12492133c503c14ce59aa5c631159c08f2c43d3a7e0ea3955c7921d41b7b97e662360fe3b28b2cfb0923949c176d
  languageName: node
  linkType: hard

"mime-db@npm:1.49.0":
  version: 1.49.0
  resolution: "mime-db@npm:1.49.0"
  checksum: 9c0be08f98b070aa4154ed63330014ee967ce4622c982a380fa252b60222dd23be75e687808c450424654da065a7b0d6fb48b798a66004af0af7eda33c13e206
  languageName: node
  linkType: hard

"mime-db@npm:1.52.0":
  version: 1.52.0
  resolution: "mime-db@npm:1.52.0"
  checksum: 54bb60bf39e6f8689f6622784e668a3d7f8bed6b0d886f5c3c446cb3284be28b30bf707ed05d0fe44a036f8469976b2629bbea182684977b084de9da274694d7
  languageName: node
  linkType: hard

"mime-types@npm:^2.1.12":
  version: 2.1.32
  resolution: "mime-types@npm:2.1.32"
  dependencies:
    mime-db: "npm:1.49.0"
  checksum: 8a1ff54cfd0918ca44f9291b95b5c8629d6885441498ac36206ada460cd4337d8dd518c28b2e05ebf53d9948f6f3cbcc81df8b4699b7d9c52e0163f1e5b537e4
  languageName: node
  linkType: hard

"mime-types@npm:~2.1.19, mime-types@npm:~2.1.24, mime-types@npm:~2.1.34":
  version: 2.1.35
  resolution: "mime-types@npm:2.1.35"
  dependencies:
    mime-db: "npm:1.52.0"
  checksum: 89aa9651b67644035de2784a6e665fc685d79aba61857e02b9c8758da874a754aed4a9aced9265f5ed1171fd934331e5516b84a7f0218031b6fa0270eca1e51a
  languageName: node
  linkType: hard

"mime@npm:1.6.0":
  version: 1.6.0
  resolution: "mime@npm:1.6.0"
  bin:
    mime: cli.js
  checksum: b7d98bb1e006c0e63e2c91b590fe1163b872abf8f7ef224d53dd31499c2197278a6d3d0864c45239b1a93d22feaf6f9477e9fc847eef945838150b8c02d03170
  languageName: node
  linkType: hard

"ms@npm:2.0.0":
  version: 2.0.0
  resolution: "ms@npm:2.0.0"
  checksum: 0e6a22b8b746d2e0b65a430519934fefd41b6db0682e3477c10f60c76e947c4c0ad06f63ffdf1d78d335f83edee8c0aa928aa66a36c7cd95b69b26f468d527f4
  languageName: node
  linkType: hard

"ms@npm:2.1.3":
  version: 2.1.3
  resolution: "ms@npm:2.1.3"
  checksum: aa92de608021b242401676e35cfa5aa42dd70cbdc082b916da7fb925c542173e36bce97ea3e804923fe92c0ad991434e4a38327e15a1b5b5f945d66df615ae6d
  languageName: node
  linkType: hard

"negotiator@npm:0.6.3":
  version: 0.6.3
  resolution: "negotiator@npm:0.6.3"
  checksum: 2723fb822a17ad55c93a588a4bc44d53b22855bf4be5499916ca0cab1e7165409d0b288ba2577d7b029f10ce18cf2ed8e703e5af31c984e1e2304277ef979837
  languageName: node
  linkType: hard

"oauth-sign@npm:~0.9.0":
  version: 0.9.0
  resolution: "oauth-sign@npm:0.9.0"
  checksum: 1809a366d258f41fdf4ab5310cff3d1e15f96b187503bc7333cef4351de7bd0f52cb269bc95800f1fae5fb04dd886287df1471985fd67e8484729fdbcf857119
  languageName: node
  linkType: hard

"object-inspect@npm:^1.9.0":
  version: 1.11.0
  resolution: "object-inspect@npm:1.11.0"
  checksum: 3e997433a2843340c126ad7ee76b1d251cf138a2208aa62cacd6375468585b3ca17d6a823209f9c87639096f27c6d504297588bb738c13b70ccfc0c7c69c2bb0
  languageName: node
  linkType: hard

"on-finished@npm:2.4.1":
  version: 2.4.1
  resolution: "on-finished@npm:2.4.1"
  dependencies:
    ee-first: "npm:1.1.1"
  checksum: 8e81472c5028125c8c39044ac4ab8ba51a7cdc19a9fbd4710f5d524a74c6d8c9ded4dd0eed83f28d3d33ac1d7a6a439ba948ccb765ac6ce87f30450a26bfe2ea
  languageName: node
  linkType: hard

"parseurl@npm:~1.3.3":
  version: 1.3.3
  resolution: "parseurl@npm:1.3.3"
  checksum: 407cee8e0a3a4c5cd472559bca8b6a45b82c124e9a4703302326e9ab60fc1081442ada4e02628efef1eb16197ddc7f8822f5a91fd7d7c86b51f530aedb17dfa2
  languageName: node
  linkType: hard

"path-to-regexp@npm:0.1.7":
  version: 0.1.7
  resolution: "path-to-regexp@npm:0.1.7"
  checksum: 701c99e1f08e3400bea4d701cf6f03517474bb1b608da71c78b1eb261415b645c5670dfae49808c89e12cea2dccd113b069f040a80de012da0400191c6dbd1c8
  languageName: node
  linkType: hard

"performance-now@npm:^2.1.0":
  version: 2.1.0
  resolution: "performance-now@npm:2.1.0"
  checksum: 534e641aa8f7cba160f0afec0599b6cecefbb516a2e837b512be0adbe6c1da5550e89c78059c7fabc5c9ffdf6627edabe23eb7c518c4500067a898fa65c2b550
  languageName: node
  linkType: hard

"picomatch@npm:^2.2.3":
  version: 2.3.0
  resolution: "picomatch@npm:2.3.0"
  checksum: ed92dfa5676f1a6d2acfd1e155f9a1287bd158991ad01e3f1c272fe40fb53376aa38ca6ca943a4269fbb2ba0e2867cba9491fb55d02cf3f24f9e6c5e85dd3a4b
  languageName: node
  linkType: hard

"proxy-addr@npm:~2.0.7":
  version: 2.0.7
  resolution: "proxy-addr@npm:2.0.7"
  dependencies:
    forwarded: "npm:0.2.0"
    ipaddr.js: "npm:1.9.1"
  checksum: f24a0c80af0e75d31e3451398670d73406ec642914da11a2965b80b1898ca6f66a0e3e091a11a4327079b2b268795f6fa06691923fef91887215c3d0e8ea3f68
  languageName: node
  linkType: hard

"psl@npm:^1.1.28":
  version: 1.9.0
  resolution: "psl@npm:1.9.0"
  checksum: d07879d4bfd0ac74796306a8e5a36a93cfb9c4f4e8ee8e63fbb909066c192fe1008cd8f12abd8ba2f62ca28247949a20c8fb32e1d18831d9e71285a1569720f9
  languageName: node
  linkType: hard

"punycode@npm:^2.1.0, punycode@npm:^2.1.1":
  version: 2.1.1
  resolution: "punycode@npm:2.1.1"
  checksum: 939daa010c2cacebdb060c40ecb52fef0a739324a66f7fffe0f94353a1ee83e3b455e9032054c4a0c4977b0a28e27086f2171c392832b59a01bd948fd8e20914
  languageName: node
  linkType: hard

"qs@npm:6.11.0":
  version: 6.11.0
  resolution: "qs@npm:6.11.0"
  dependencies:
    side-channel: "npm:^1.0.4"
  checksum: 5a3bfea3e2f359ede1bfa5d2f0dbe54001aa55e40e27dc3e60fab814362d83a9b30758db057c2011b6f53a2d4e4e5150194b5bac45372652aecb3e3c0d4b256e
  languageName: node
  linkType: hard

"qs@npm:~6.5.2":
  version: 6.5.3
  resolution: "qs@npm:6.5.3"
  checksum: 485c990fba7ad17671e16c92715fb064c1600337738f5d140024eb33a49fbc1ed31890d3db850117c760caeb9c9cc9f4ba22a15c20dd119968e41e3d3fe60b28
  languageName: node
  linkType: hard

"range-parser@npm:~1.2.1":
  version: 1.2.1
  resolution: "range-parser@npm:1.2.1"
  checksum: ce21ef2a2dd40506893157970dc76e835c78cf56437e26e19189c48d5291e7279314477b06ac38abd6a401b661a6840f7b03bd0b1249da9b691deeaa15872c26
  languageName: node
  linkType: hard

"raw-body@npm:2.5.2":
  version: 2.5.2
  resolution: "raw-body@npm:2.5.2"
  dependencies:
    bytes: "npm:3.1.2"
    http-errors: "npm:2.0.0"
    iconv-lite: "npm:0.4.24"
    unpipe: "npm:1.0.0"
  checksum: 863b5171e140546a4d99f349b720abac4410338e23df5e409cfcc3752538c9caf947ce382c89129ba976f71894bd38b5806c774edac35ebf168d02aa1ac11a95
  languageName: node
  linkType: hard

"request@npm:^2.88.2":
  version: 2.88.2
  resolution: "request@npm:2.88.2"
  dependencies:
    aws-sign2: "npm:~0.7.0"
    aws4: "npm:^1.8.0"
    caseless: "npm:~0.12.0"
    combined-stream: "npm:~1.0.6"
    extend: "npm:~3.0.2"
    forever-agent: "npm:~0.6.1"
    form-data: "npm:~2.3.2"
    har-validator: "npm:~5.1.3"
    http-signature: "npm:~1.2.0"
    is-typedarray: "npm:~1.0.0"
    isstream: "npm:~0.1.2"
    json-stringify-safe: "npm:~5.0.1"
    mime-types: "npm:~2.1.19"
    oauth-sign: "npm:~0.9.0"
    performance-now: "npm:^2.1.0"
    qs: "npm:~6.5.2"
    safe-buffer: "npm:^5.1.2"
    tough-cookie: "npm:~2.5.0"
    tunnel-agent: "npm:^0.6.0"
    uuid: "npm:^3.3.2"
  checksum: 005b8b237b56f1571cfd4ecc09772adaa2e82dcb884fc14ea2bb25e23dbf7c2009f9929e0b6d3fd5802e33ed8ee705a3b594c8f9467c1458cd973872bf89db8e
  languageName: node
  linkType: hard

"requires-port@npm:^1.0.0":
  version: 1.0.0
  resolution: "requires-port@npm:1.0.0"
  checksum: 878880ee78ccdce372784f62f52a272048e2d0827c29ae31e7f99da18b62a2b9463ea03a75f277352f4697c100183debb0532371ad515a2d49d4bfe596dd4c20
  languageName: node
  linkType: hard

"safe-buffer@npm:5.2.1, safe-buffer@npm:^5.0.1, safe-buffer@npm:^5.1.2":
  version: 5.2.1
  resolution: "safe-buffer@npm:5.2.1"
  checksum: 32872cd0ff68a3ddade7a7617b8f4c2ae8764d8b7d884c651b74457967a9e0e886267d3ecc781220629c44a865167b61c375d2da6c720c840ecd73f45d5d9451
  languageName: node
  linkType: hard

"safer-buffer@npm:>= 2.1.2 < 3, safer-buffer@npm:^2.0.2, safer-buffer@npm:^2.1.0, safer-buffer@npm:~2.1.0":
  version: 2.1.2
  resolution: "safer-buffer@npm:2.1.2"
  checksum: 7eaf7a0cf37cc27b42fb3ef6a9b1df6e93a1c6d98c6c6702b02fe262d5fcbd89db63320793b99b21cb5348097d0a53de81bd5f4e8b86e20cc9412e3f1cfb4e83
  languageName: node
  linkType: hard

"send@npm:0.18.0":
  version: 0.18.0
  resolution: "send@npm:0.18.0"
  dependencies:
    debug: "npm:2.6.9"
    depd: "npm:2.0.0"
    destroy: "npm:1.2.0"
    encodeurl: "npm:~1.0.2"
    escape-html: "npm:~1.0.3"
    etag: "npm:~1.8.1"
    fresh: "npm:0.5.2"
    http-errors: "npm:2.0.0"
    mime: "npm:1.6.0"
    ms: "npm:2.1.3"
    on-finished: "npm:2.4.1"
    range-parser: "npm:~1.2.1"
    statuses: "npm:2.0.1"
  checksum: ec66c0ad109680ad8141d507677cfd8b4e40b9559de23191871803ed241718e99026faa46c398dcfb9250676076573bd6bfe5d0ec347f88f4b7b8533d1d391cb
  languageName: node
  linkType: hard

"serve-static@npm:1.15.0":
  version: 1.15.0
  resolution: "serve-static@npm:1.15.0"
  dependencies:
    encodeurl: "npm:~1.0.2"
    escape-html: "npm:~1.0.3"
    parseurl: "npm:~1.3.3"
    send: "npm:0.18.0"
  checksum: 699b2d4c29807a51d9b5e0f24955346911437aebb0178b3c4833ad30d3eca93385ff9927254f5c16da345903cad39d9cd4a532198c95a5129cc4ed43911b15a4
  languageName: node
  linkType: hard

"setprototypeof@npm:1.2.0":
  version: 1.2.0
  resolution: "setprototypeof@npm:1.2.0"
  checksum: fde1630422502fbbc19e6844346778f99d449986b2f9cdcceb8326730d2f3d9964dbcb03c02aaadaefffecd0f2c063315ebea8b3ad895914bf1afc1747fc172e
  languageName: node
  linkType: hard

"side-channel@npm:^1.0.4":
  version: 1.0.4
  resolution: "side-channel@npm:1.0.4"
  dependencies:
    call-bind: "npm:^1.0.0"
    get-intrinsic: "npm:^1.0.2"
    object-inspect: "npm:^1.9.0"
  checksum: c4998d9fc530b0e75a7fd791ad868fdc42846f072734f9080ff55cc8dc7d3899abcda24fd896aa6648c3ab7021b4bb478073eb4f44dfd55bce9714bc1a7c5d45
  languageName: node
  linkType: hard

"sshpk@npm:^1.7.0":
  version: 1.18.0
  resolution: "sshpk@npm:1.18.0"
  dependencies:
    asn1: "npm:~0.2.3"
    assert-plus: "npm:^1.0.0"
    bcrypt-pbkdf: "npm:^1.0.0"
    dashdash: "npm:^1.12.0"
    ecc-jsbn: "npm:~0.1.1"
    getpass: "npm:^0.1.1"
    jsbn: "npm:~0.1.0"
    safer-buffer: "npm:^2.0.2"
    tweetnacl: "npm:~0.14.0"
  bin:
    sshpk-conv: bin/sshpk-conv
    sshpk-sign: bin/sshpk-sign
    sshpk-verify: bin/sshpk-verify
  checksum: 858339d43e3c6b6a848772a66f69442ce74f1a37655d9f35ba9d1f85329499ff0000af9f8ab83dbb39ad24c0c370edabe0be1e39863f70c6cded9924b8458c34
  languageName: node
  linkType: hard

"statuses@npm:2.0.1":
  version: 2.0.1
  resolution: "statuses@npm:2.0.1"
  checksum: 18c7623fdb8f646fb213ca4051be4df7efb3484d4ab662937ca6fbef7ced9b9e12842709872eb3020cc3504b93bde88935c9f6417489627a7786f24f8031cbcb
  languageName: node
  linkType: hard

"to-regex-range@npm:^5.0.1":
  version: 5.0.1
  resolution: "to-regex-range@npm:5.0.1"
  dependencies:
    is-number: "npm:^7.0.0"
  checksum: 10dda13571e1f5ad37546827e9b6d4252d2e0bc176c24a101252153ef435d83696e2557fe128c4678e4e78f5f01e83711c703eef9814eb12dab028580d45980a
  languageName: node
  linkType: hard

"toidentifier@npm:1.0.1":
  version: 1.0.1
  resolution: "toidentifier@npm:1.0.1"
  checksum: 952c29e2a85d7123239b5cfdd889a0dde47ab0497f0913d70588f19c53f7e0b5327c95f4651e413c74b785147f9637b17410ac8c846d5d4a20a5a33eb6dc3a45
  languageName: node
  linkType: hard

"tough-cookie@npm:~2.5.0":
  version: 2.5.0
  resolution: "tough-cookie@npm:2.5.0"
  dependencies:
    psl: "npm:^1.1.28"
    punycode: "npm:^2.1.1"
  checksum: 024cb13a4d1fe9af57f4323dff765dd9b217cc2a69be77e3b8a1ca45600aa33a097b6ad949f225d885e904f4bd3ceccef104741ef202d8378e6ca78e850ff82f
  languageName: node
  linkType: hard

"tunnel-agent@npm:^0.6.0":
  version: 0.6.0
  resolution: "tunnel-agent@npm:0.6.0"
  dependencies:
    safe-buffer: "npm:^5.0.1"
  checksum: 7f0d9ed5c22404072b2ae8edc45c071772affd2ed14a74f03b4e71b4dd1a14c3714d85aed64abcaaee5fec2efc79002ba81155c708f4df65821b444abb0cfade
  languageName: node
  linkType: hard

"tweetnacl@npm:^0.14.3, tweetnacl@npm:~0.14.0":
  version: 0.14.5
  resolution: "tweetnacl@npm:0.14.5"
  checksum: 04ee27901cde46c1c0a64b9584e04c96c5fe45b38c0d74930710751ea991408b405747d01dfae72f80fc158137018aea94f9c38c651cb9c318f0861a310c3679
  languageName: node
  linkType: hard

"type-is@npm:~1.6.18":
  version: 1.6.18
  resolution: "type-is@npm:1.6.18"
  dependencies:
    media-typer: "npm:0.3.0"
    mime-types: "npm:~2.1.24"
  checksum: 0bd9eeae5efd27d98fd63519f999908c009e148039d8e7179a074f105362d4fcc214c38b24f6cda79c87e563cbd12083a4691381ed28559220d4a10c2047bed4
  languageName: node
  linkType: hard

"undici-types@npm:~5.25.1":
  version: 5.25.3
  resolution: "undici-types@npm:5.25.3"
  checksum: 9a57f2dd6fecb2d0f7d9b86aa6f417609a0ffc73247a95aa25c078cf36cbbfe6c164b63b8dace7ad01126e6510f284c185b69c78356bb1d6b279f195acffcaf4
  languageName: node
  linkType: hard

"unpipe@npm:1.0.0, unpipe@npm:~1.0.0":
  version: 1.0.0
  resolution: "unpipe@npm:1.0.0"
  checksum: 4fa18d8d8d977c55cb09715385c203197105e10a6d220087ec819f50cb68870f02942244f1017565484237f1f8c5d3cd413631b1ae104d3096f24fdfde1b4aa2
  languageName: node
  linkType: hard

"uri-js@npm:^4.2.2":
  version: 4.4.1
  resolution: "uri-js@npm:4.4.1"
  dependencies:
    punycode: "npm:^2.1.0"
  checksum: b271ca7e3d46b7160222e3afa3e531505161c9a4e097febae9664e4b59912f4cbe94861361a4175edac3a03fee99d91e44b6a58c17a634bc5a664b19fc76fbcb
  languageName: node
  linkType: hard

"utils-merge@npm:1.0.1":
  version: 1.0.1
  resolution: "utils-merge@npm:1.0.1"
  checksum: 5d6949693d58cb2e636a84f3ee1c6e7b2f9c16cb1d42d0ecb386d8c025c69e327205aa1c69e2868cc06a01e5e20681fbba55a4e0ed0cce913d60334024eae798
  languageName: node
  linkType: hard

"uuid@npm:^3.3.2":
  version: 3.4.0
  resolution: "uuid@npm:3.4.0"
  bin:
    uuid: ./bin/uuid
  checksum: 4f2b86432b04cc7c73a0dd1bcf11f1fc18349d65d2e4e32dd0fc658909329a1e0cc9244aa93f34c0cccfdd5ae1af60a149251a5f420ec3ac4223a3dab198fb2e
  languageName: node
  linkType: hard

"vary@npm:~1.1.2":
  version: 1.1.2
  resolution: "vary@npm:1.1.2"
  checksum: 31389debef15a480849b8331b220782230b9815a8e0dbb7b9a8369559aed2e9a7800cd904d4371ea74f4c3527db456dc8e7ac5befce5f0d289014dbdf47b2242
  languageName: node
  linkType: hard

"verror@npm:1.10.0":
  version: 1.10.0
  resolution: "verror@npm:1.10.0"
  dependencies:
    assert-plus: "npm:^1.0.0"
    core-util-is: "npm:1.0.2"
    extsprintf: "npm:^1.2.0"
  checksum: da548149dd9c130a8a2587c9ee71ea30128d1526925707e2d01ed9c5c45c9e9f86733c66a328247cdd5f7c1516fb25b0f959ba754bfbe15072aa99ff96468a29
  languageName: node
  linkType: hard
